github.com/JakubCzarlinski/go-logging v1.0.1 h1:wM5d20SVmpOXRhyBB+MXw9gD3nu0s6X02cS2GC6Dw9A=
github.com/JakubCzarlinski/go-logging v1.0.1/go.mod h1:0BdRS81BSashzVj+BoNEZD+AvKMGdJCK5GBIpayvaag=
github.com/JakubCzarlinski/go-pooling v1.0.0 h1:1CGA7OsuzLDZq6JZmb5FaSwKz6ZvnxWgaejzUa9ftYA=
github.com/JakubCzarlinski/go-pooling v1.0.0/go.mod h1:owUMib6XOkEG0ciBqYc9JjRc1BRZuTIlGdutoE7czZI=
